// !$*UTF8*$!
{
	archiveVersion = 1;
	classes = {
	};
	objectVersion = 46;
	objects = {

/* Begin PBXBuildFile section */
		2F9F7B901886C74900363339 /* Foundation.framework in Frameworks */ = {isa = PBXBuildFile; fileRef = 2F9F7B8F1886C74900363339 /* Foundation.framework */; };
		2F9F7B921886C74900363339 /* CoreGraphics.framework in Frameworks */ = {isa = PBXBuildFile; fileRef = 2F9F7B911886C74900363339 /* CoreGraphics.framework */; };
		2F9F7B941886C74900363339 /* UIKit.framework in Frameworks */ = {isa = PBXBuildFile; fileRef = 2F9F7B931886C74900363339 /* UIKit.framework */; };
		2F9F7B9A1886C74900363339 /* InfoPlist.strings in Resources */ = {isa = PBXBuildFile; fileRef = 2F9F7B981886C74900363339 /* InfoPlist.strings */; };
		2F9F7B9C1886C74900363339 /* main.m in Sources */ = {isa = PBXBuildFile; fileRef = 2F9F7B9B1886C74900363339 /* main.m */; };
		2F9F7BA01886C74900363339 /* XWDAppDelegate.m in Sources */ = {isa = PBXBuildFile; fileRef = 2F9F7B9F1886C74900363339 /* XWDAppDelegate.m */; };
		2F9F7BA31886C74900363339 /* Main_iPhone.storyboard in Resources */ = {isa = PBXBuildFile; fileRef = 2F9F7BA11886C74900363339 /* Main_iPhone.storyboard */; };
		2F9F7BA61886C74900363339 /* Main_iPad.storyboard in Resources */ = {isa = PBXBuildFile; fileRef = 2F9F7BA41886C74900363339 /* Main_iPad.storyboard */; };
		2F9F7BA91886C74900363339 /* XWDWebViewController.m in Sources */ = {isa = PBXBuildFile; fileRef = 2F9F7BA81886C74900363339 /* XWDWebViewController.m */; };
		2F9F7BAB1886C74900363339 /* Images.xcassets in Resources */ = {isa = PBXBuildFile; fileRef = 2F9F7BAA1886C74900363339 /* Images.xcassets */; };
		2F9F7BB21886C74900363339 /* XCTest.framework in Frameworks */ = {isa = PBXBuildFile; fileRef = 2F9F7BB11886C74900363339 /* XCTest.framework */; };
		2F9F7BB31886C74900363339 /* Foundation.framework in Frameworks */ = {isa = PBXBuildFile; fileRef = 2F9F7B8F1886C74900363339 /* Foundation.framework */; };
		2F9F7BB41886C74900363339 /* UIKit.framework in Frameworks */ = {isa = PBXBuildFile; fileRef = 2F9F7B931886C74900363339 /* UIKit.framework */; };
		2F9F7BBC1886C74900363339 /* InfoPlist.strings in Resources */ = {isa = PBXBuildFile; fileRef = 2F9F7BBA1886C74900363339 /* InfoPlist.strings */; };
		2F9F7BBE1886C74900363339 /* WebDemoTests.m in Sources */ = {isa = PBXBuildFile; fileRef = 2F9F7BBD1886C74900363339 /* WebDemoTests.m */; };
		2F9F7BCC1886DB0C00363339 /* XWDBookmarkCell.m in Sources */ = {isa = PBXBuildFile; fileRef = 2F9F7BCB1886DB0C00363339 /* XWDBookmarkCell.m */; };
		2F9F7BCF1886DD1700363339 /* XWDBookmarkViewController.m in Sources */ = {isa = PBXBuildFile; fileRef = 2F9F7BCE1886DD1700363339 /* XWDBookmarkViewController.m */; };
		2F9F7BD81886DFAE00363339 /* Model.xcdatamodeld in Sources */ = {isa = PBXBuildFile; fileRef = 2F9F7BD61886DFAE00363339 /* Model.xcdatamodeld */; };
		2F9F7BDB1886DFEA00363339 /* XWDBookmark.m in Sources */ = {isa = PBXBuildFile; fileRef = 2F9F7BDA1886DFEA00363339 /* XWDBookmark.m */; };
		2F9F7C1E1886E1F800363339 /* CoreData.framework in Frameworks */ = {isa = PBXBuildFile; fileRef = 2F9F7C1D1886E1F800363339 /* CoreData.framework */; };
		2F9F7C211886E3FF00363339 /* XWDBookmarksViewController.m in Sources */ = {isa = PBXBuildFile; fileRef = 2F9F7C201886E3FF00363339 /* XWDBookmarksViewController.m */; };
		FDF3A0C662BD461B817AB9AC /* libPods.a in Frameworks */ = {isa = PBXBuildFile; fileRef = 3E9C5D8B55B44DEDA97B5563 /* libPods.a */; };
/* End PBXBuildFile section */

/* Begin PBXContainerItemProxy section */
		2F9F7BB51886C74900363339 /* PBXContainerItemProxy */ = {
			isa = PBXContainerItemProxy;
			containerPortal = 2F9F7B841886C74900363339 /* Project object */;
			proxyType = 1;
			remoteGlobalIDString = 2F9F7B8B1886C74900363339;
			remoteInfo = WebDemo;
		};
/* End PBXContainerItemProxy section */

/* Begin PBXFileReference section */
		2F9F7B8C1886C74900363339 /* Demo.app */ = {isa = PBXFileReference; explicitFileType = wrapper.application; includeInIndex = 0; path = Demo.app; sourceTree = BUILT_PRODUCTS_DIR; };
		2F9F7B8F1886C74900363339 /* Foundation.framework */ = {isa = PBXFileReference; lastKnownFileType = wrapper.framework; name = Foundation.framework; path = System/Library/Frameworks/Foundation.framework; sourceTree = SDKROOT; };
		2F9F7B911886C74900363339 /* CoreGraphics.framework */ = {isa = PBXFileReference; lastKnownFileType = wrapper.framework; name = CoreGraphics.framework; path = System/Library/Frameworks/CoreGraphics.framework; sourceTree = SDKROOT; };
		2F9F7B931886C74900363339 /* UIKit.framework */ = {isa = PBXFileReference; lastKnownFileType = wrapper.framework; name = UIKit.framework; path = System/Library/Frameworks/UIKit.framework; sourceTree = SDKROOT; };
		2F9F7B971886C74900363339 /* WebDemo-Info.plist */ = {isa = PBXFileReference; lastKnownFileType = text.plist.xml; path = "WebDemo-Info.plist"; sourceTree = "<group>"; };
		2F9F7B991886C74900363339 /* en */ = {isa = PBXFileReference; lastKnownFileType = text.plist.strings; name = en; path = en.lproj/InfoPlist.strings; sourceTree = "<group>"; };
		2F9F7B9B1886C74900363339 /* main.m */ = {isa = PBXFileReference; lastKnownFileType = sourcecode.c.objc; path = main.m; sourceTree = "<group>"; };
		2F9F7B9D1886C74900363339 /* WebDemo-Prefix.pch */ = {isa = PBXFileReference; lastKnownFileType = sourcecode.c.h; path = "WebDemo-Prefix.pch"; sourceTree = "<group>"; };
		2F9F7B9E1886C74900363339 /* XWDAppDelegate.h */ = {isa = PBXFileReference; lastKnownFileType = sourcecode.c.h; path = XWDAppDelegate.h; sourceTree = "<group>"; };
		2F9F7B9F1886C74900363339 /* XWDAppDelegate.m */ = {isa = PBXFileReference; lastKnownFileType = sourcecode.c.objc; path = XWDAppDelegate.m; sourceTree = "<group>"; };
		2F9F7BA21886C74900363339 /* Base */ = {isa = PBXFileReference; lastKnownFileType = file.storyboard; name = Base; path = Base.lproj/Main_iPhone.storyboard; sourceTree = "<group>"; };
		2F9F7BA51886C74900363339 /* Base */ = {isa = PBXFileReference; lastKnownFileType = file.storyboard; name = Base; path = Base.lproj/Main_iPad.storyboard; sourceTree = "<group>"; };
		2F9F7BA71886C74900363339 /* XWDWebViewController.h */ = {isa = PBXFileReference; lastKnownFileType = sourcecode.c.h; path = XWDWebViewController.h; sourceTree = "<group>"; };
		2F9F7BA81886C74900363339 /* XWDWebViewController.m */ = {isa = PBXFileReference; lastKnownFileType = sourcecode.c.objc; path = XWDWebViewController.m; sourceTree = "<group>"; };
		2F9F7BAA1886C74900363339 /* Images.xcassets */ = {isa = PBXFileReference; lastKnownFileType = folder.assetcatalog; path = Images.xcassets; sourceTree = "<group>"; };
		2F9F7BB01886C74900363339 /* WebDemoTests.xctest */ = {isa = PBXFileReference; explicitFileType = wrapper.cfbundle; includeInIndex = 0; path = WebDemoTests.xctest; sourceTree = BUILT_PRODUCTS_DIR; };
		2F9F7BB11886C74900363339 /* XCTest.framework */ = {isa = PBXFileReference; lastKnownFileType = wrapper.framework; name = XCTest.framework; path = Library/Frameworks/XCTest.framework; sourceTree = DEVELOPER_DIR; };
		2F9F7BB91886C74900363339 /* WebDemoTests-Info.plist */ = {isa = PBXFileReference; lastKnownFileType = text.plist.xml; path = "WebDemoTests-Info.plist"; sourceTree = "<group>"; };
		2F9F7BBB1886C74900363339 /* en */ = {isa = PBXFileReference; lastKnownFileType = text.plist.strings; name = en; path = en.lproj/InfoPlist.strings; sourceTree = "<group>"; };
		2F9F7BBD1886C74900363339 /* WebDemoTests.m */ = {isa = PBXFileReference; lastKnownFileType = sourcecode.c.objc; path = WebDemoTests.m; sourceTree = "<group>"; };
		2F9F7BCA1886DB0C00363339 /* XWDBookmarkCell.h */ = {isa = PBXFileReference; fileEncoding = 4; lastKnownFileType = sourcecode.c.h; path = XWDBookmarkCell.h; sourceTree = "<group>"; };
		2F9F7BCB1886DB0C00363339 /* XWDBookmarkCell.m */ = {isa = PBXFileReference; fileEncoding = 4; lastKnownFileType = sourcecode.c.objc; path = XWDBookmarkCell.m; sourceTree = "<group>"; };
		2F9F7BCD1886DD1700363339 /* XWDBookmarkViewController.h */ = {isa = PBXFileReference; fileEncoding = 4; lastKnownFileType = sourcecode.c.h; path = XWDBookmarkViewController.h; sourceTree = "<group>"; };
		2F9F7BCE1886DD1700363339 /* XWDBookmarkViewController.m */ = {isa = PBXFileReference; fileEncoding = 4; lastKnownFileType = sourcecode.c.objc; path = XWDBookmarkViewController.m; sourceTree = "<group>"; };
		2F9F7BD71886DFAE00363339 /* Model.xcdatamodel */ = {isa = PBXFileReference; lastKnownFileType = wrapper.xcdatamodel; path = Model.xcdatamodel; sourceTree = "<group>"; };
		2F9F7BD91886DFEA00363339 /* XWDBookmark.h */ = {isa = PBXFileReference; fileEncoding = 4; lastKnownFileType = sourcecode.c.h; path = XWDBookmark.h; sourceTree = "<group>"; };
		2F9F7BDA1886DFEA00363339 /* XWDBookmark.m */ = {isa = PBXFileReference; fileEncoding = 4; lastKnownFileType = sourcecode.c.objc; path = XWDBookmark.m; sourceTree = "<group>"; };
		2F9F7C1D1886E1F800363339 /* CoreData.framework */ = {isa = PBXFileReference; lastKnownFileType = wrapper.framework; name = CoreData.framework; path = System/Library/Frameworks/CoreData.framework; sourceTree = SDKROOT; };
		2F9F7C1F1886E3FF00363339 /* XWDBookmarksViewController.h */ = {isa = PBXFileReference; fileEncoding = 4; lastKnownFileType = sourcecode.c.h; path = XWDBookmarksViewController.h; sourceTree = "<group>"; };
		2F9F7C201886E3FF00363339 /* XWDBookmarksViewController.m */ = {isa = PBXFileReference; fileEncoding = 4; lastKnownFileType = sourcecode.c.objc; path = XWDBookmarksViewController.m; sourceTree = "<group>"; };
		3E9C5D8B55B44DEDA97B5563 /* libPods.a */ = {isa = PBXFileReference; explicitFileType = archive.ar; includeInIndex = 0; path = libPods.a; sourceTree = BUILT_PRODUCTS_DIR; };
		AED20365B4814490AAB8D738 /* Pods.xcconfig */ = {isa = PBXFileReference; includeInIndex = 1; lastKnownFileType = text.xcconfig; name = Pods.xcconfig; path = Pods/Pods.xcconfig; sourceTree = "<group>"; };
/* End PBXFileReference section */

/* Begin PBXFrameworksBuildPhase section */
		2F9F7B891886C74900363339 /* Frameworks */ = {
			isa = PBXFrameworksBuildPhase;
			buildActionMask = 2147483647;
			files = (
				2F9F7C1E1886E1F800363339 /* CoreData.framework in Frameworks */,
				2F9F7B921886C74900363339 /* CoreGraphics.framework in Frameworks */,
				2F9F7B941886C74900363339 /* UIKit.framework in Frameworks */,
				2F9F7B901886C74900363339 /* Foundation.framework in Frameworks */,
				FDF3A0C662BD461B817AB9AC /* libPods.a in Frameworks */,
			);
			runOnlyForDeploymentPostprocessing = 0;
		};
		2F9F7BAD1886C74900363339 /* Frameworks */ = {
			isa = PBXFrameworksBuildPhase;
			buildActionMask = 2147483647;
			files = (
				2F9F7BB21886C74900363339 /* XCTest.framework in Frameworks */,
				2F9F7BB41886C74900363339 /* UIKit.framework in Frameworks */,
				2F9F7BB31886C74900363339 /* Foundation.framework in Frameworks */,
			);
			runOnlyForDeploymentPostprocessing = 0;
		};
/* End PBXFrameworksBuildPhase section */

/* Begin PBXGroup section */
		2F9F7B831886C74900363339 = {
			isa = PBXGroup;
			children = (
				2F9F7B951886C74900363339 /* WebDemo */,
				2F9F7BB71886C74900363339 /* WebDemoTests */,
				2F9F7B8E1886C74900363339 /* Frameworks */,
				2F9F7B8D1886C74900363339 /* Products */,
				AED20365B4814490AAB8D738 /* Pods.xcconfig */,
			);
			sourceTree = "<group>";
		};
		2F9F7B8D1886C74900363339 /* Products */ = {
			isa = PBXGroup;
			children = (
				2F9F7B8C1886C74900363339 /* Demo.app */,
				2F9F7BB01886C74900363339 /* WebDemoTests.xctest */,
			);
			name = Products;
			sourceTree = "<group>";
		};
		2F9F7B8E1886C74900363339 /* Frameworks */ = {
			isa = PBXGroup;
			children = (
				2F9F7C1D1886E1F800363339 /* CoreData.framework */,
				2F9F7B8F1886C74900363339 /* Foundation.framework */,
				2F9F7B911886C74900363339 /* CoreGraphics.framework */,
				2F9F7B931886C74900363339 /* UIKit.framework */,
				2F9F7BB11886C74900363339 /* XCTest.framework */,
				3E9C5D8B55B44DEDA97B5563 /* libPods.a */,
			);
			name = Frameworks;
			sourceTree = "<group>";
		};
		2F9F7B951886C74900363339 /* WebDemo */ = {
			isa = PBXGroup;
			children = (
				2F9F7B9E1886C74900363339 /* XWDAppDelegate.h */,
				2F9F7B9F1886C74900363339 /* XWDAppDelegate.m */,
				2F9F7BA11886C74900363339 /* Main_iPhone.storyboard */,
				2F9F7BA41886C74900363339 /* Main_iPad.storyboard */,
				2F9F7BAA1886C74900363339 /* Images.xcassets */,
				2F9F7B961886C74900363339 /* Supporting Files */,
				2F9F7BA71886C74900363339 /* XWDWebViewController.h */,
				2F9F7BA81886C74900363339 /* XWDWebViewController.m */,
				2F9F7BCA1886DB0C00363339 /* XWDBookmarkCell.h */,
				2F9F7BCB1886DB0C00363339 /* XWDBookmarkCell.m */,
				2F9F7BCD1886DD1700363339 /* XWDBookmarkViewController.h */,
				2F9F7BCE1886DD1700363339 /* XWDBookmarkViewController.m */,
				2F9F7BD61886DFAE00363339 /* Model.xcdatamodeld */,
				2F9F7BD91886DFEA00363339 /* XWDBookmark.h */,
				2F9F7BDA1886DFEA00363339 /* XWDBookmark.m */,
				2F9F7C1F1886E3FF00363339 /* XWDBookmarksViewController.h */,
				2F9F7C201886E3FF00363339 /* XWDBookmarksViewController.m */,
			);
			path = WebDemo;
			sourceTree = "<group>";
		};
		2F9F7B961886C74900363339 /* Supporting Files */ = {
			isa = PBXGroup;
			children = (
				2F9F7B971886C74900363339 /* WebDemo-Info.plist */,
				2F9F7B981886C74900363339 /* InfoPlist.strings */,
				2F9F7B9B1886C74900363339 /* main.m */,
				2F9F7B9D1886C74900363339 /* WebDemo-Prefix.pch */,
			);
			name = "Supporting Files";
			sourceTree = "<group>";
		};
		2F9F7BB71886C74900363339 /* WebDemoTests */ = {
			isa = PBXGroup;
			children = (
				2F9F7BBD1886C74900363339 /* WebDemoTests.m */,
				2F9F7BB81886C74900363339 /* Supporting Files */,
			);
			path = WebDemoTests;
			sourceTree = "<group>";
		};
		2F9F7BB81886C74900363339 /* Supporting Files */ = {
			isa = PBXGroup;
			children = (
				2F9F7BB91886C74900363339 /* WebDemoTests-Info.plist */,
				2F9F7BBA1886C74900363339 /* InfoPlist.strings */,
			);
			name = "Supporting Files";
			sourceTree = "<group>";
		};
/* End PBXGroup section */

/* Begin PBXNativeTarget section */
		2F9F7B8B1886C74900363339 /* WebDemo */ = {
			isa = PBXNativeTarget;
			buildConfigurationList = 2F9F7BC11886C74900363339 /* Build configuration list for PBXNativeTarget "WebDemo" */;
			buildPhases = (
				5CB604AABB2249F89265426F /* Check Pods Manifest.lock */,
				2F9F7B881886C74900363339 /* Sources */,
				2F9F7B891886C74900363339 /* Frameworks */,
				2F9F7B8A1886C74900363339 /* Resources */,
				96231AA7AA12491896F0EC0A /* Copy Pods Resources */,
			);
			buildRules = (
			);
			dependencies = (
			);
			name = WebDemo;
			productName = WebDemo;
			productReference = 2F9F7B8C1886C74900363339 /* Demo.app */;
			productType = "com.apple.product-type.application";
		};
		2F9F7BAF1886C74900363339 /* WebDemoTests */ = {
			isa = PBXNativeTarget;
			buildConfigurationList = 2F9F7BC41886C74900363339 /* Build configuration list for PBXNativeTarget "WebDemoTests" */;
			buildPhases = (
				2F9F7BAC1886C74900363339 /* Sources */,
				2F9F7BAD1886C74900363339 /* Frameworks */,
				2F9F7BAE1886C74900363339 /* Resources */,
			);
			buildRules = (
			);
			dependencies = (
				2F9F7BB61886C74900363339 /* PBXTargetDependency */,
			);
			name = WebDemoTests;
			productName = WebDemoTests;
			productReference = 2F9F7BB01886C74900363339 /* WebDemoTests.xctest */;
			productType = "com.apple.product-type.bundle.unit-test";
		};
/* End PBXNativeTarget section */

/* Begin PBXProject section */
		2F9F7B841886C74900363339 /* Project object */ = {
			isa = PBXProject;
			attributes = {
				CLASSPREFIX = XWD;
				LastUpgradeCheck = 0500;
				ORGANIZATIONNAME = Xebia;
				TargetAttributes = {
					2F9F7BAF1886C74900363339 = {
						TestTargetID = 2F9F7B8B1886C74900363339;
					};
				};
			};
			buildConfigurationList = 2F9F7B871886C74900363339 /* Build configuration list for PBXProject "WebDemo" */;
			compatibilityVersion = "Xcode 3.2";
			developmentRegion = English;
			hasScannedForEncodings = 0;
			knownRegions = (
				en,
				Base,
			);
			mainGroup = 2F9F7B831886C74900363339;
			productRefGroup = 2F9F7B8D1886C74900363339 /* Products */;
			projectDirPath = "";
			projectRoot = "";
			targets = (
				2F9F7B8B1886C74900363339 /* WebDemo */,
				2F9F7BAF1886C74900363339 /* WebDemoTests */,
			);
		};
/* End PBXProject section */

/* Begin PBXResourcesBuildPhase section */
		2F9F7B8A1886C74900363339 /* Resources */ = {
			isa = PBXResourcesBuildPhase;
			buildActionMask = 2147483647;
			files = (
				2F9F7BA61886C74900363339 /* Main_iPad.storyboard in Resources */,
				2F9F7BAB1886C74900363339 /* Images.xcassets in Resources */,
				2F9F7BA31886C74900363339 /* Main_iPhone.storyboard in Resources */,
				2F9F7B9A1886C74900363339 /* InfoPlist.strings in Resources */,
			);
			runOnlyForDeploymentPostprocessing = 0;
		};
		2F9F7BAE1886C74900363339 /* Resources */ = {
			isa = PBXResourcesBuildPhase;
			buildActionMask = 2147483647;
			files = (
				2F9F7BBC1886C74900363339 /* InfoPlist.strings in Resources */,
			);
			runOnlyForDeploymentPostprocessing = 0;
		};
/* End PBXResourcesBuildPhase section */

/* Begin PBXShellScriptBuildPhase section */
		5CB604AABB2249F89265426F /* Check Pods Manifest.lock */ = {
			isa = PBXShellScriptBuildPhase;
			buildActionMask = 2147483647;
			files = (
			);
			inputPaths = (
			);
			name = "Check Pods Manifest.lock";
			outputPaths = (
			);
			runOnlyForDeploymentPostprocessing = 0;
			shellPath = /bin/sh;
			shellScript = "diff \"${PODS_ROOT}/../Podfile.lock\" \"${PODS_ROOT}/Manifest.lock\" > /dev/null\nif [[ $? != 0 ]] ; then\n    cat << EOM\nerror: The sandbox is not in sync with the Podfile.lock. Run 'pod install' or update your CocoaPods installation.\nEOM\n    exit 1\nfi\n";
			showEnvVarsInLog = 0;
		};
		96231AA7AA12491896F0EC0A /* Copy Pods Resources */ = {
			isa = PBXShellScriptBuildPhase;
			buildActionMask = 2147483647;
			files = (
			);
			inputPaths = (
			);
			name = "Copy Pods Resources";
			outputPaths = (
			);
			runOnlyForDeploymentPostprocessing = 0;
			shellPath = /bin/sh;
			shellScript = "\"${SRCROOT}/Pods/Pods-resources.sh\"\n";
			showEnvVarsInLog = 0;
		};
/* End PBXShellScriptBuildPhase section */

/* Begin PBXSourcesBuildPhase section */
		2F9F7B881886C74900363339 /* Sources */ = {
			isa = PBXSourcesBuildPhase;
			buildActionMask = 2147483647;
			files = (
				2F9F7BCF1886DD1700363339 /* XWDBookmarkViewController.m in Sources */,
				2F9F7BD81886DFAE00363339 /* Model.xcdatamodeld in Sources */,
				2F9F7C211886E3FF00363339 /* XWDBookmarksViewController.m in Sources */,
				2F9F7BA01886C74900363339 /* XWDAppDelegate.m in Sources */,
				2F9F7BA91886C74900363339 /* XWDWebViewController.m in Sources */,
				2F9F7BCC1886DB0C00363339 /* XWDBookmarkCell.m in Sources */,
				2F9F7BDB1886DFEA00363339 /* XWDBookmark.m in Sources */,
				2F9F7B9C1886C74900363339 /* main.m in Sources */,
			);
			runOnlyForDeploymentPostprocessing = 0;
		};
		2F9F7BAC1886C74900363339 /* Sources */ = {
			isa = PBXSourcesBuildPhase;
			buildActionMask = 2147483647;
			files = (
				2F9F7BBE1886C74900363339 /* WebDemoTests.m in Sources */,
			);
			runOnlyForDeploymentPostprocessing = 0;
		};
/* End PBXSourcesBuildPhase section */

/* Begin PBXTargetDependency section */
		2F9F7BB61886C74900363339 /* PBXTargetDependency */ = {
			isa = PBXTargetDependency;
			target = 2F9F7B8B1886C74900363339 /* WebDemo */;
			targetProxy = 2F9F7BB51886C74900363339 /* PBXContainerItemProxy */;
		};
/* End PBXTargetDependency section */

/* Begin PBXVariantGroup section */
		2F9F7B981886C74900363339 /* InfoPlist.strings */ = {
			isa = PBXVariantGroup;
			children = (
				2F9F7B991886C74900363339 /* en */,
			);
			name = InfoPlist.strings;
			sourceTree = "<group>";
		};
		2F9F7BA11886C74900363339 /* Main_iPhone.storyboard */ = {
			isa = PBXVariantGroup;
			children = (
				2F9F7BA21886C74900363339 /* Base */,
			);
			name = Main_iPhone.storyboard;
			sourceTree = "<group>";
		};
		2F9F7BA41886C74900363339 /* Main_iPad.storyboard */ = {
			isa = PBXVariantGroup;
			children = (
				2F9F7BA51886C74900363339 /* Base */,
			);
			name = Main_iPad.storyboard;
			sourceTree = "<group>";
		};
		2F9F7BBA1886C74900363339 /* InfoPlist.strings */ = {
			isa = PBXVariantGroup;
			children = (
				2F9F7BBB1886C74900363339 /* en */,
			);
			name = InfoPlist.strings;
			sourceTree = "<group>";
		};
/* End PBXVariantGroup section */

/* Begin XCBuildConfiguration section */
		2F9F7BBF1886C74900363339 /* Debug */ = {
			isa = XCBuildConfiguration;
			buildSettings = {
				ALWAYS_SEARCH_USER_PATHS = NO;
				ARCHS = "$(ARCHS_STANDARD_INCLUDING_64_BIT)";
				CLANG_CXX_LANGUAGE_STANDARD = "gnu++0x";
				CLANG_CXX_LIBRARY = "libc++";
				CLANG_ENABLE_MODULES = YES;
				CLANG_ENABLE_OBJC_ARC = YES;
				CLANG_WARN_BOOL_CONVERSION = YES;
				CLANG_WARN_CONSTANT_CONVERSION = YES;
				CLANG_WARN_DIRECT_OBJC_ISA_USAGE = YES_ERROR;
				CLANG_WARN_EMPTY_BODY = YES;
				CLANG_WARN_ENUM_CONVERSION = YES;
				CLANG_WARN_INT_CONVERSION = YES;
				CLANG_WARN_OBJC_ROOT_CLASS = YES_ERROR;
				CLANG_WARN__DUPLICATE_METHOD_MATCH = YES;
				"CODE_SIGN_IDENTITY[sdk=iphoneos*]" = "iPhone Developer";
				COPY_PHASE_STRIP = NO;
				GCC_C_LANGUAGE_STANDARD = gnu99;
				GCC_DYNAMIC_NO_PIC = NO;
				GCC_OPTIMIZATION_LEVEL = 0;
				GCC_PREPROCESSOR_DEFINITIONS = (
					"DEBUG=1",
					"$(inherited)",
				);
				GCC_SYMBOLS_PRIVATE_EXTERN = NO;
				GCC_WARN_64_TO_32_BIT_CONVERSION = YES;
				GCC_WARN_ABOUT_RETURN_TYPE = YES_ERROR;
				GCC_WARN_UNDECLARED_SELECTOR = YES;
				GCC_WARN_UNINITIALIZED_AUTOS = YES;
				GCC_WARN_UNUSED_FUNCTION = YES;
				GCC_WARN_UNUSED_VARIABLE = YES;
				IPHONEOS_DEPLOYMENT_TARGET = 7.0;
				ONLY_ACTIVE_ARCH = YES;
				SDKROOT = iphoneos;
				TARGETED_DEVICE_FAMILY = "1,2";
			};
			name = Debug;
		};
		2F9F7BC01886C74900363339 /* Release */ = {
			isa = XCBuildConfiguration;
			buildSettings = {
				ALWAYS_SEARCH_USER_PATHS = NO;
				ARCHS = "$(ARCHS_STANDARD_INCLUDING_64_BIT)";
				CLANG_CXX_LANGUAGE_STANDARD = "gnu++0x";
				CLANG_CXX_LIBRARY = "libc++";
				CLANG_ENABLE_MODULES = YES;
				CLANG_ENABLE_OBJC_ARC = YES;
				CLANG_WARN_BOOL_CONVERSION = YES;
				CLANG_WARN_CONSTANT_CONVERSION = YES;
				CLANG_WARN_DIRECT_OBJC_ISA_USAGE = YES_ERROR;
				CLANG_WARN_EMPTY_BODY = YES;
				CLANG_WARN_ENUM_CONVERSION = YES;
				CLANG_WARN_INT_CONVERSION = YES;
				CLANG_WARN_OBJC_ROOT_CLASS = YES_ERROR;
				CLANG_WARN__DUPLICATE_METHOD_MATCH = YES;
				"CODE_SIGN_IDENTITY[sdk=iphoneos*]" = "iPhone Developer";
				COPY_PHASE_STRIP = YES;
				ENABLE_NS_ASSERTIONS = NO;
				GCC_C_LANGUAGE_STANDARD = gnu99;
				GCC_WARN_64_TO_32_BIT_CONVERSION = YES;
				GCC_WARN_ABOUT_RETURN_TYPE = YES_ERROR;
				GCC_WARN_UNDECLARED_SELECTOR = YES;
				GCC_WARN_UNINITIALIZED_AUTOS = YES;
				GCC_WARN_UNUSED_FUNCTION = YES;
				GCC_WARN_UNUSED_VARIABLE = YES;
				IPHONEOS_DEPLOYMENT_TARGET = 7.0;
				SDKROOT = iphoneos;
				TARGETED_DEVICE_FAMILY = "1,2";
				VALIDATE_PRODUCT = YES;
			};
			name = Release;
		};
		2F9F7BC21886C74900363339 /* Debug */ = {
			isa = XCBuildConfiguration;
			baseConfigurationReference = AED20365B4814490AAB8D738 /* Pods.xcconfig */;
			buildSettings = {
				ASSETCATALOG_COMPILER_APPICON_NAME = AppIcon;
				ASSETCATALOG_COMPILER_LAUNCHIMAGE_NAME = LaunchImage;
				GCC_PRECOMPILE_PREFIX_HEADER = YES;
				GCC_PREFIX_HEADER = "WebDemo/WebDemo-Prefix.pch";
				INFOPLIST_FILE = "WebDemo/WebDemo-Info.plist";
				PRODUCT_NAME = Demo;
				WRAPPER_EXTENSION = app;
			};
			name = Debug;
		};
		2F9F7BC31886C74900363339 /* Release */ = {
			isa = XCBuildConfiguration;
			baseConfigurationReference = AED20365B4814490AAB8D738 /* Pods.xcconfig */;
			buildSettings = {
				ASSETCATALOG_COMPILER_APPICON_NAME = AppIcon;
				ASSETCATALOG_COMPILER_LAUNCHIMAGE_NAME = LaunchImage;
				GCC_PRECOMPILE_PREFIX_HEADER = YES;
				GCC_PREFIX_HEADER = "WebDemo/WebDemo-Prefix.pch";
				INFOPLIST_FILE = "WebDemo/WebDemo-Info.plist";
				PRODUCT_NAME = Demo;
				WRAPPER_EXTENSION = app;
			};
			name = Release;
		};
		2F9F7BC51886C74900363339 /* Debug */ = {
			isa = XCBuildConfiguration;
			buildSettings = {
				ARCHS = "$(ARCHS_STANDARD_INCLUDING_64_BIT)";
				BUNDLE_LOADER = "$(BUILT_PRODUCTS_DIR)/WebDemo.app/WebDemo";
				FRAMEWORK_SEARCH_PATHS = (
					"$(SDKROOT)/Developer/Library/Frameworks",
					"$(inherited)",
					"$(DEVELOPER_FRAMEWORKS_DIR)",
				);
				GCC_PRECOMPILE_PREFIX_HEADER = YES;
				GCC_PREFIX_HEADER = "WebDemo/WebDemo-Prefix.pch";
				GCC_PREPROCESSOR_DEFINITIONS = (
					"DEBUG=1",
					"$(inherited)",
				);
				INFOPLIST_FILE = "WebDemoTests/WebDemoTests-Info.plist";
				PRODUCT_NAME = "$(TARGET_NAME)";
				TEST_HOST = "$(BUNDLE_LOADER)";
				WRAPPER_EXTENSION = xctest;
			};
			name = Debug;
		};
		2F9F7BC61886C74900363339 /* Release */ = {
			isa = XCBuildConfiguration;
			buildSettings = {
				ARCHS = "$(ARCHS_STANDARD_INCLUDING_64_BIT)";
				BUNDLE_LOADER = "$(BUILT_PRODUCTS_DIR)/WebDemo.app/WebDemo";
				FRAMEWORK_SEARCH_PATHS = (
					"$(SDKROOT)/Developer/Library/Frameworks",
					"$(inherited)",
					"$(DEVELOPER_FRAMEWORKS_DIR)",
				);
				GCC_PRECOMPILE_PREFIX_HEADER = YES;
				GCC_PREFIX_HEADER = "WebDemo/WebDemo-Prefix.pch";
				INFOPLIST_FILE = "WebDemoTests/WebDemoTests-Info.plist";
				PRODUCT_NAME = "$(TARGET_NAME)";
				TEST_HOST = "$(BUNDLE_LOADER)";
				WRAPPER_EXTENSION = xctest;
			};
			name = Release;
		};
/* End XCBuildConfiguration section */

/* Begin XCConfigurationList section */
		2F9F7B871886C74900363339 /* Build configuration list for PBXProject "WebDemo" */ = {
			isa = XCConfigurationList;
			buildConfigurations = (
				2F9F7BBF1886C74900363339 /* Debug */,
				2F9F7BC01886C74900363339 /* Release */,
			);
			defaultConfigurationIsVisible = 0;
			defaultConfigurationName = Release;
		};
		2F9F7BC11886C74900363339 /* Build configuration list for PBXNativeTarget "WebDemo" */ = {
			isa = XCConfigurationList;
			buildConfigurations = (
				2F9F7BC21886C74900363339 /* Debug */,
				2F9F7BC31886C74900363339 /* Release */,
			);
			defaultConfigurationIsVisible = 0;
			defaultConfigurationName = Release;
		};
		2F9F7BC41886C74900363339 /* Build configuration list for PBXNativeTarget "WebDemoTests" */ = {
			isa = XCConfigurationList;
			buildConfigurations = (
				2F9F7BC51886C74900363339 /* Debug */,
				2F9F7BC61886C74900363339 /* Release */,
			);
			defaultConfigurationIsVisible = 0;
			defaultConfigurationName = Release;
		};
/* End XCConfigurationList section */

/* Begin XCVersionGroup section */
		2F9F7BD61886DFAE00363339 /* Model.xcdatamodeld */ = {
			isa = XCVersionGroup;
			children = (
				2F9F7BD71886DFAE00363339 /* Model.xcdatamodel */,
			);
			currentVersion = 2F9F7BD71886DFAE00363339 /* Model.xcdatamodel */;
			path = Model.xcdatamodeld;
			sourceTree = "<group>";
			versionGroupType = wrapper.xcdatamodel;
		};
/* End XCVersionGroup section */
	};
	rootObject = 2F9F7B841886C74900363339 /* Project object */;
}
